// !$*UTF8*$!
{
	archiveVersion = 1;
	classes = {
	};
	objectVersion = 77;
	objects = {

/* Begin PBXBuildFile section */
		B3E36D063026A62B00F8B1D7 /* audio-unit-explorationExtension.appex in Embed Foundation Extensions */ = {isa = PBXBuildFile; fileRef = B3E36D053026A62B00F8B1D7 /* audio-unit-explorationExtension.appex */; settings = {ATTRIBUTES = (RemoveHeadersOnCopy, ); }; };
/* End PBXBuildFile section */

/* Begin PBXContainerItemProxy section */
		B3E36CF03026A62A00F8B1D7 /* PBXContainerItemProxy */ = {
			isa = PBXContainerItemProxy;
			containerPortal = B3E36CBF3026A62800F8B1D7 /* Project object */;
			proxyType = 1;
			remoteGlobalIDString = B3E36CC63026A62800F8B1D7;
			remoteInfo = "audio-unit-exploration";
		};
		B3E36CFA3026A62A00F8B1D7 /* PBXContainerItemProxy */ = {
			isa = PBXContainerItemProxy;
			containerPortal = B3E36CBF3026A62800F8B1D7 /* Project object */;
			proxyType = 1;
			remoteGlobalIDString = B3E36CC63026A62800F8B1D7;
			remoteInfo = "audio-unit-exploration";
		};
		B3E36D073026A62B00F8B1D7 /* PBXContainerItemProxy */ = {
			isa = PBXContainerItemProxy;
			containerPortal = B3E36CBF3026A62800F8B1D7 /* Project object */;
			proxyType = 1;
			remoteGlobalIDString = B3E36D043026A62B00F8B1D7;
			remoteInfo = "audio-unit-explorationExtension";
		};
/* End PBXContainerItemProxy section */

/* Begin PBXCopyFilesBuildPhase section */
		B3E36D373026A62B00F8B1D7 /* Embed Foundation Extensions */ = {
			isa = PBXCopyFilesBuildPhase;
			buildActionMask = 2147483647;
			dstPath = "";
			dstSubfolderSpec = 13;
			files = (
				B3E36D063026A62B00F8B1D7 /* audio-unit-explorationExtension.appex in Embed Foundation Extensions */,
			);
			name = "Embed Foundation Extensions";
			runOnlyForDeploymentPostprocessing = 0;
		};
/* End PBXCopyFilesBuildPhase section */

/* Begin PBXFileReference section */
		B3E36CC73026A62800F8B1D7 /* audio-unit-exploration.app */ = {isa = PBXFileReference; explicitFileType = wrapper.application; includeInIndex = 0; path = "audio-unit-exploration.app"; sourceTree = BUILT_PRODUCTS_DIR; };
		B3E36CEF3026A62A00F8B1D7 /* audio-unit-explorationTests.xctest */ = {isa = PBXFileReference; explicitFileType = wrapper.cfbundle; includeInIndex = 0; path = "audio-unit-explorationTests.xctest"; sourceTree = BUILT_PRODUCTS_DIR; };
		B3E36CF93026A62A00F8B1D7 /* audio-unit-explorationUITests.xctest */ = {isa = PBXFileReference; explicitFileType = wrapper.cfbundle; includeInIndex = 0; path = "audio-unit-explorationUITests.xctest"; sourceTree = BUILT_PRODUCTS_DIR; };
		B3E36D053026A62B00F8B1D7 /* audio-unit-explorationExtension.appex */ = {isa = PBXFileReference; explicitFileType = "wrapper.app-extension"; includeInIndex = 0; path = "audio-unit-explorationExtension.appex"; sourceTree = BUILT_PRODUCTS_DIR; };
/* End PBXFileReference section */

/* Begin PBXFileSystemSynchronizedBuildFileExceptionSet section */
		B3E36D303026A62B00F8B1D7 /* Exceptions for "audio-unit-explorationExtension" folder in "audio-unit-explorationExtension" target */ = {
			isa = PBXFileSystemSynchronizedBuildFileExceptionSet;
			membershipExceptions = (
				Info.plist,
			);
			target = B3E36D043026A62B00F8B1D7 /* audio-unit-explorationExtension */;
		};
/* End PBXFileSystemSynchronizedBuildFileExceptionSet section */

/* Begin PBXFileSystemSynchronizedGroupBuildPhaseMembershipExceptionSet section */
		B3E36D343026A62B00F8B1D7 /* Exceptions for "audio-unit-explorationExtension" folder in "Copy Bundle Resources" phase from "audio-unit-explorationExtension" target */ = {
			isa = PBXFileSystemSynchronizedGroupBuildPhaseMembershipExceptionSet;
			buildPhase = B3E36D033026A62B00F8B1D7 /* Resources */;
			membershipExceptions = (
				Common/DSP/audio_unit_explorationExtensionAUProcessHelper.hpp,
				Common/DSP/audio_unit_explorationExtensionBufferedAudioBus.hpp,
				DSP/audio_unit_explorationExtensionDSPKernel.hpp,
			);
		};
/* End PBXFileSystemSynchronizedGroupBuildPhaseMembershipExceptionSet section */

/* Begin PBXFileSystemSynchronizedRootGroup section */
		B3E36CC93026A62800F8B1D7 /* audio-unit-exploration */ = {
			isa = PBXFileSystemSynchronizedRootGroup;
			path = "audio-unit-exploration";
			sourceTree = "<group>";
		};
		B3E36CF23026A62A00F8B1D7 /* audio-unit-explorationTests */ = {
			isa = PBXFileSystemSynchronizedRootGroup;
			path = "audio-unit-explorationTests";
			sourceTree = "<group>";
		};
		B3E36CFC3026A62A00F8B1D7 /* audio-unit-explorationUITests */ = {
			isa = PBXFileSystemSynchronizedRootGroup;
			path = "audio-unit-explorationUITests";
			sourceTree = "<group>";
		};
		B3E36D093026A62B00F8B1D7 /* audio-unit-explorationExtension */ = {
			isa = PBXFileSystemSynchronizedRootGroup;
			exceptions = (
				B3E36D303026A62B00F8B1D7 /* Exceptions for "audio-unit-explorationExtension" folder in "audio-unit-explorationExtension" target */,
				B3E36D343026A62B00F8B1D7 /* Exceptions for "audio-unit-explorationExtension" folder in "Copy Bundle Resources" phase from "audio-unit-explorationExtension" target */,
			);
			path = "audio-unit-explorationExtension";
			sourceTree = "<group>";
		};
/* End PBXFileSystemSynchronizedRootGroup section */

/* Begin PBXFrameworksBuildPhase section */
		B3E36CC43026A62800F8B1D7 /* Frameworks */ = {
			isa = PBXFrameworksBuildPhase;
			buildActionMask = 2147483647;
			files = (
			);
			runOnlyForDeploymentPostprocessing = 0;
		};
		B3E36CEC3026A62A00F8B1D7 /* Frameworks */ = {
			isa = PBXFrameworksBuildPhase;
			buildActionMask = 2147483647;
			files = (
			);
			runOnlyForDeploymentPostprocessing = 0;
		};
		B3E36CF63026A62A00F8B1D7 /* Frameworks */ = {
			isa = PBXFrameworksBuildPhase;
			buildActionMask = 2147483647;
			files = (
			);
			runOnlyForDeploymentPostprocessing = 0;
		};
		B3E36D023026A62B00F8B1D7 /* Frameworks */ = {
			isa = PBXFrameworksBuildPhase;
			buildActionMask = 2147483647;
			files = (
			);
			runOnlyForDeploymentPostprocessing = 0;
		};
/* End PBXFrameworksBuildPhase section */

/* Begin PBXGroup section */
		B3E36CBE3026A62800F8B1D7 = {
			isa = PBXGroup;
			children = (
				B3E36CC93026A62800F8B1D7 /* audio-unit-exploration */,
				B3E36CF23026A62A00F8B1D7 /* audio-unit-explorationTests */,
				B3E36CFC3026A62A00F8B1D7 /* audio-unit-explorationUITests */,
				B3E36D093026A62B00F8B1D7 /* audio-unit-explorationExtension */,
				B3E36CC83026A62800F8B1D7 /* Products */,
			);
			sourceTree = "<group>";
		};
		B3E36CC83026A62800F8B1D7 /* Products */ = {
			isa = PBXGroup;
			children = (
				B3E36CC73026A62800F8B1D7 /* audio-unit-exploration.app */,
				B3E36CEF3026A62A00F8B1D7 /* audio-unit-explorationTests.xctest */,
				B3E36CF93026A62A00F8B1D7 /* audio-unit-explorationUITests.xctest */,
				B3E36D053026A62B00F8B1D7 /* audio-unit-explorationExtension.appex */,
			);
			name = Products;
			sourceTree = "<group>";
		};
/* End PBXGroup section */

/* Begin PBXNativeTarget section */
		B3E36CC63026A62800F8B1D7 /* audio-unit-exploration */ = {
			isa = PBXNativeTarget;
			buildConfigurationList = B3E36D383026A62B00F8B1D7 /* Build configuration list for PBXNativeTarget "audio-unit-exploration" */;
			buildPhases = (
				B3E36CC33026A62800F8B1D7 /* Sources */,
				B3E36CC43026A62800F8B1D7 /* Frameworks */,
				B3E36CC53026A62800F8B1D7 /* Resources */,
				B3E36D373026A62B00F8B1D7 /* Embed Foundation Extensions */,
			);
			buildRules = (
			);
			dependencies = (
				B3E36D083026A62B00F8B1D7 /* PBXTargetDependency */,
			);
			fileSystemSynchronizedGroups = (
				B3E36CC93026A62800F8B1D7 /* audio-unit-exploration */,
			);
			name = "audio-unit-exploration";
			packageProductDependencies = (
			);
			productName = "audio-unit-exploration";
			productReference = B3E36CC73026A62800F8B1D7 /* audio-unit-exploration.app */;
			productType = "com.apple.product-type.application";
		};
		B3E36CEE3026A62A00F8B1D7 /* audio-unit-explorationTests */ = {
			isa = PBXNativeTarget;
			buildConfigurationList = B3E36D3B3026A62B00F8B1D7 /* Build configuration list for PBXNativeTarget "audio-unit-explorationTests" */;
			buildPhases = (
				B3E36CEB3026A62A00F8B1D7 /* Sources */,
				B3E36CEC3026A62A00F8B1D7 /* Frameworks */,
				B3E36CED3026A62A00F8B1D7 /* Resources */,
			);
			buildRules = (
			);
			dependencies = (
				B3E36CF13026A62A00F8B1D7 /* PBXTargetDependency */,
			);
			fileSystemSynchronizedGroups = (
				B3E36CF23026A62A00F8B1D7 /* audio-unit-explorationTests */,
			);
			name = "audio-unit-explorationTests";
			packageProductDependencies = (
			);
			productName = "audio-unit-explorationTests";
			productReference = B3E36CEF3026A62A00F8B1D7 /* audio-unit-explorationTests.xctest */;
			productType = "com.apple.product-type.bundle.unit-test";
		};
		B3E36CF83026A62A00F8B1D7 /* audio-unit-explorationUITests */ = {
			isa = PBXNativeTarget;
			buildConfigurationList = B3E36D3E3026A62B00F8B1D7 /* Build configuration list for PBXNativeTarget "audio-unit-explorationUITests" */;
			buildPhases = (
				B3E36CF53026A62A00F8B1D7 /* Sources */,
				B3E36CF63026A62A00F8B1D7 /* Frameworks */,
				B3E36CF73026A62A00F8B1D7 /* Resources */,
			);
			buildRules = (
			);
			dependencies = (
				B3E36CFB3026A62A00F8B1D7 /* PBXTargetDependency */,
			);
			fileSystemSynchronizedGroups = (
				B3E36CFC3026A62A00F8B1D7 /* audio-unit-explorationUITests */,
			);
			name = "audio-unit-explorationUITests";
			packageProductDependencies = (
			);
			productName = "audio-unit-explorationUITests";
			productReference = B3E36CF93026A62A00F8B1D7 /* audio-unit-explorationUITests.xctest */;
			productType = "com.apple.product-type.bundle.ui-testing";
		};
		B3E36D043026A62B00F8B1D7 /* audio-unit-explorationExtension */ = {
			isa = PBXNativeTarget;
			buildConfigurationList = B3E36D313026A62B00F8B1D7 /* Build configuration list for PBXNativeTarget "audio-unit-explorationExtension" */;
			buildPhases = (
				B3E36D013026A62B00F8B1D7 /* Sources */,
				B3E36D023026A62B00F8B1D7 /* Frameworks */,
				B3E36D033026A62B00F8B1D7 /* Resources */,
			);
			buildRules = (
			);
			dependencies = (
			);
			fileSystemSynchronizedGroups = (
				B3E36D093026A62B00F8B1D7 /* audio-unit-explorationExtension */,
			);
			name = "audio-unit-explorationExtension";
			packageProductDependencies = (
			);
			productName = "audio-unit-explorationExtension";
			productReference = B3E36D053026A62B00F8B1D7 /* audio-unit-explorationExtension.appex */;
			productType = "com.apple.product-type.app-extension";
		};
/* End PBXNativeTarget section */

/* Begin PBXProject section */
		B3E36CBF3026A62800F8B1D7 /* Project object */ = {
			isa = PBXProject;
			attributes = {
				BuildIndependentTargetsInParallel = 1;
				LastSwiftUpdateCheck = 2630;
				LastUpgradeCheck = 2630;
				TargetAttributes = {
					B3E36CC63026A62800F8B1D7 = {
						CreatedOnToolsVersion = 26.3;
					};
					B3E36CEE3026A62A00F8B1D7 = {
						CreatedOnToolsVersion = 26.3;
						TestTargetID = B3E36CC63026A62800F8B1D7;
					};
					B3E36CF83026A62A00F8B1D7 = {
						CreatedOnToolsVersion = 26.3;
						TestTargetID = B3E36CC63026A62800F8B1D7;
					};
					B3E36D043026A62B00F8B1D7 = {
						CreatedOnToolsVersion = 26.3;
					};
				};
			};
			buildConfigurationList = B3E36CC23026A62800F8B1D7 /* Build configuration list for PBXProject "audio-unit-exploration" */;
			developmentRegion = en;
			hasScannedForEncodings = 0;
			knownRegions = (
				en,
				Base,
			);
			mainGroup = B3E36CBE3026A62800F8B1D7;
			minimizedProjectReferenceProxies = 1;
			preferredProjectObjectVersion = 77;
			productRefGroup = B3E36CC83026A62800F8B1D7 /* Products */;
			projectDirPath = "";
			projectRoot = "";
			targets = (
				B3E36CC63026A62800F8B1D7 /* audio-unit-exploration */,
				B3E36CEE3026A62A00F8B1D7 /* audio-unit-explorationTests */,
				B3E36CF83026A62A00F8B1D7 /* audio-unit-explorationUITests */,
				B3E36D043026A62B00F8B1D7 /* audio-unit-explorationExtension */,
			);
		};
/* End PBXProject section */

/* Begin PBXResourcesBuildPhase section */
		B3E36CC53026A62800F8B1D7 /* Resources */ = {
			isa = PBXResourcesBuildPhase;
			buildActionMask = 2147483647;
			files = (
			);
			runOnlyForDeploymentPostprocessing = 0;
		};
		B3E36CED3026A62A00F8B1D7 /* Resources */ = {
			isa = PBXResourcesBuildPhase;
			buildActionMask = 2147483647;
			files = (
			);
			runOnlyForDeploymentPostprocessing = 0;
		};
		B3E36CF73026A62A00F8B1D7 /* Resources */ = {
			isa = PBXResourcesBuildPhase;
			buildActionMask = 2147483647;
			files = (
			);
			runOnlyForDeploymentPostprocessing = 0;
		};
		B3E36D033026A62B00F8B1D7 /* Resources */ = {
			isa = PBXResourcesBuildPhase;
			buildActionMask = 2147483647;
			files = (
			);
			runOnlyForDeploymentPostprocessing = 0;
		};
/* End PBXResourcesBuildPhase section */

/* Begin PBXSourcesBuildPhase section */
		B3E36CC33026A62800F8B1D7 /* Sources */ = {
			isa = PBXSourcesBuildPhase;
			buildActionMask = 2147483647;
			files = (
			);
			runOnlyForDeploymentPostprocessing = 0;
		};
		B3E36CEB3026A62A00F8B1D7 /* Sources */ = {
			isa = PBXSourcesBuildPhase;
			buildActionMask = 2147483647;
			files = (
			);
			runOnlyForDeploymentPostprocessing = 0;
		};
		B3E36CF53026A62A00F8B1D7 /* Sources */ = {
			isa = PBXSourcesBuildPhase;
			buildActionMask = 2147483647;
			files = (
			);
			runOnlyForDeploymentPostprocessing = 0;
		};
		B3E36D013026A62B00F8B1D7 /* Sources */ = {
			isa = PBXSourcesBuildPhase;
			buildActionMask = 2147483647;
			files = (
			);
			runOnlyForDeploymentPostprocessing = 0;
		};
/* End PBXSourcesBuildPhase section */

/* Begin PBXTargetDependency section */
		B3E36CF13026A62A00F8B1D7 /* PBXTargetDependency */ = {
			isa = PBXTargetDependency;
			target = B3E36CC63026A62800F8B1D7 /* audio-unit-exploration */;
			targetProxy = B3E36CF03026A62A00F8B1D7 /* PBXContainerItemProxy */;
		};
		B3E36CFB3026A62A00F8B1D7 /* PBXTargetDependency */ = {
			isa = PBXTargetDependency;
			target = B3E36CC63026A62800F8B1D7 /* audio-unit-exploration */;
			targetProxy = B3E36CFA3026A62A00F8B1D7 /* PBXContainerItemProxy */;
		};
		B3E36D083026A62B00F8B1D7 /* PBXTargetDependency */ = {
			isa = PBXTargetDependency;
			target = B3E36D043026A62B00F8B1D7 /* audio-unit-explorationExtension */;
			targetProxy = B3E36D073026A62B00F8B1D7 /* PBXContainerItemProxy */;
		};
/* End PBXTargetDependency section */

/* Begin XCBuildConfiguration section */
		B3E36D323026A62B00F8B1D7 /* Debug */ = {
			isa = XCBuildConfiguration;
			buildSettings = {
				CLANG_CXX_LANGUAGE_STANDARD = "c++20";
				CLANG_CXX_LIBRARY = "libc++";
				CODE_SIGN_STYLE = Automatic;
				CURRENT_PROJECT_VERSION = 1;
				DEVELOPMENT_TEAM = 56466QQNRL;
				ENABLE_APP_SANDBOX = YES;
				ENABLE_HARDENED_RUNTIME = YES;
				ENABLE_USER_SELECTED_FILES = readonly;
				GENERATE_INFOPLIST_FILE = YES;
				INFOPLIST_FILE = "audio-unit-explorationExtension/Info.plist";
				INFOPLIST_KEY_CFBundleDisplayName = "audio-unit-explorationExtension";
				INFOPLIST_KEY_NSHumanReadableCopyright = "";
				IPHONEOS_DEPLOYMENT_TARGET = 26.2;
				LD_RUNPATH_SEARCH_PATHS = (
					"$(inherited)",
					"@executable_path/Frameworks",
					"@executable_path/../../Frameworks",
				);
				"LD_RUNPATH_SEARCH_PATHS[sdk=macosx*]" = (
					"$(inherited)",
					"@executable_path/../Frameworks",
					"@executable_path/../../../../Frameworks",
				);
				MACOSX_DEPLOYMENT_TARGET = 26.2;
				MARKETING_VERSION = 1.0;
				PRODUCT_BUNDLE_IDENTIFIER = "com.chroniccmposer.audio-unit-exploration.audio-unit-explorationExtension";
				PRODUCT_NAME = "$(TARGET_NAME)";
				SDKROOT = auto;
				SKIP_INSTALL = YES;
				STRING_CATALOG_GENERATE_SYMBOLS = YES;
				SUPPORTED_PLATFORMS = "iphoneos iphonesimulator macosx xros xrsimulator";
				SWIFT_APPROACHABLE_CONCURRENCY = YES;
				SWIFT_EMIT_LOC_STRINGS = YES;
				SWIFT_OBJC_BRIDGING_HEADER = "audio-unit-explorationExtension/Common/audio_unit_explorationExtension-Bridging-Header.h";
				SWIFT_OBJC_INTEROP_MODE = objcxx;
				SWIFT_UPCOMING_FEATURE_MEMBER_IMPORT_VISIBILITY = YES;
				SWIFT_VERSION = 5.0;
				TARGETED_DEVICE_FAMILY = "1,2,7";
				XROS_DEPLOYMENT_TARGET = 26.2;
			};
			name = Debug;
		};
		B3E36D333026A62B00F8B1D7 /* Release */ = {
			isa = XCBuildConfiguration;
			buildSettings = {
				CLANG_CXX_LANGUAGE_STANDARD = "c++20";
				CLANG_CXX_LIBRARY = "libc++";
				CODE_SIGN_STYLE = Automatic;
				CURRENT_PROJECT_VERSION = 1;
				DEVELOPMENT_TEAM = 56466QQNRL;
				ENABLE_APP_SANDBOX = YES;
				ENABLE_HARDENED_RUNTIME = YES;
				ENABLE_USER_SELECTED_FILES = readonly;
				GENERATE_INFOPLIST_FILE = YES;
				INFOPLIST_FILE = "audio-unit-explorationExtension/Info.plist";
				INFOPLIST_KEY_CFBundleDisplayName = "audio-unit-explorationExtension";
				INFOPLIST_KEY_NSHumanReadableCopyright = "";
				IPHONEOS_DEPLOYMENT_TARGET = 26.2;
				LD_RUNPATH_SEARCH_PATHS = (
					"$(inherited)",
					"@executable_path/Frameworks",
					"@executable_path/../../Frameworks",
				);
				"LD_RUNPATH_SEARCH_PATHS[sdk=macosx*]" = (
					"$(inherited)",
					"@executable_path/../Frameworks",
					"@executable_path/../../../../Frameworks",
				);
				MACOSX_DEPLOYMENT_TARGET = 26.2;
				MARKETING_VERSION = 1.0;
				PRODUCT_BUNDLE_IDENTIFIER = "com.chroniccmposer.audio-unit-exploration.audio-unit-explorationExtension";
				PRODUCT_NAME = "$(TARGET_NAME)";
				SDKROOT = auto;
				SKIP_INSTALL = YES;
				STRING_CATALOG_GENERATE_SYMBOLS = YES;
				SUPPORTED_PLATFORMS = "iphoneos iphonesimulator macosx xros xrsimulator";
				SWIFT_APPROACHABLE_CONCURRENCY = YES;
				SWIFT_EMIT_LOC_STRINGS = YES;
				SWIFT_OBJC_BRIDGING_HEADER = "audio-unit-explorationExtension/Common/audio_unit_explorationExtension-Bridging-Header.h";
				SWIFT_OBJC_INTEROP_MODE = objcxx;
				SWIFT_UPCOMING_FEATURE_MEMBER_IMPORT_VISIBILITY = YES;
				SWIFT_VERSION = 5.0;
				TARGETED_DEVICE_FAMILY = "1,2,7";
				XROS_DEPLOYMENT_TARGET = 26.2;
			};
			name = Release;
		};
		B3E36D353026A62B00F8B1D7 /* Debug */ = {
			isa = XCBuildConfiguration;
			buildSettings = {
				ALWAYS_SEARCH_USER_PATHS = NO;
				ASSETCATALOG_COMPILER_GENERATE_SWIFT_ASSET_SYMBOL_EXTENSIONS = YES;
				CLANG_ANALYZER_NONNULL = YES;
				CLANG_ANALYZER_NUMBER_OBJECT_CONVERSION = YES_AGGRESSIVE;
				CLANG_CXX_LANGUAGE_STANDARD = "gnu++20";
				CLANG_ENABLE_MODULES = YES;
				CLANG_ENABLE_OBJC_ARC = YES;
				CLANG_ENABLE_OBJC_WEAK = YES;
				CLANG_WARN_BLOCK_CAPTURE_AUTORELEASING = YES;
				CLANG_WARN_BOOL_CONVERSION = YES;
				CLANG_WARN_COMMA = YES;
				CLANG_WARN_CONSTANT_CONVERSION = YES;
				CLANG_WARN_DEPRECATED_OBJC_IMPLEMENTATIONS = YES;
				CLANG_WARN_DIRECT_OBJC_ISA_USAGE = YES_ERROR;
				CLANG_WARN_DOCUMENTATION_COMMENTS = YES;
				CLANG_WARN_EMPTY_BODY = YES;
				CLANG_WARN_ENUM_CONVERSION = YES;
				CLANG_WARN_INFINITE_RECURSION = YES;
				CLANG_WARN_INT_CONVERSION = YES;
				CLANG_WARN_NON_LITERAL_NULL_CONVERSION = YES;
				CLANG_WARN_OBJC_IMPLICIT_RETAIN_SELF = YES;
				CLANG_WARN_OBJC_LITERAL_CONVERSION = YES;
				CLANG_WARN_OBJC_ROOT_CLASS = YES_ERROR;
				CLANG_WARN_QUOTED_INCLUDE_IN_FRAMEWORK_HEADER = YES;
				CLANG_WARN_RANGE_LOOP_ANALYSIS = YES;
				CLANG_WARN_STRICT_PROTOTYPES = YES;
				CLANG_WARN_SUSPICIOUS_MOVE = YES;
				CLANG_WARN_UNGUARDED_AVAILABILITY = YES_AGGRESSIVE;
				CLANG_WARN_UNREACHABLE_CODE = YES;
				CLANG_WARN__DUPLICATE_METHOD_MATCH = YES;
				COPY_PHASE_STRIP = NO;
				DEBUG_INFORMATION_FORMAT = dwarf;
				DEVELOPMENT_TEAM = 56466QQNRL;
				ENABLE_STRICT_OBJC_MSGSEND = YES;
				ENABLE_TESTABILITY = YES;
				ENABLE_USER_SCRIPT_SANDBOXING = YES;
				GCC_C_LANGUAGE_STANDARD = gnu17;
				GCC_DYNAMIC_NO_PIC = NO;
				GCC_NO_COMMON_BLOCKS = YES;
				GCC_OPTIMIZATION_LEVEL = 0;
				GCC_PREPROCESSOR_DEFINITIONS = (
					"DEBUG=1",
					"$(inherited)",
				);
				GCC_WARN_64_TO_32_BIT_CONVERSION = YES;
				GCC_WARN_ABOUT_RETURN_TYPE = YES_ERROR;
				GCC_WARN_UNDECLARED_SELECTOR = YES;
				GCC_WARN_UNINITIALIZED_AUTOS = YES_AGGRESSIVE;
				GCC_WARN_UNUSED_FUNCTION = YES;
				GCC_WARN_UNUSED_VARIABLE = YES;
				LOCALIZATION_PREFERS_STRING_CATALOGS = YES;
				MTL_ENABLE_DEBUG_INFO = INCLUDE_SOURCE;
				MTL_FAST_MATH = YES;
				ONLY_ACTIVE_ARCH = YES;
				SWIFT_ACTIVE_COMPILATION_CONDITIONS = "DEBUG $(inherited)";
				SWIFT_OPTIMIZATION_LEVEL = "-Onone";
			};
			name = Debug;
		};
		B3E36D363026A62B00F8B1D7 /* Release */ = {
			isa = XCBuildConfiguration;
			buildSettings = {
				ALWAYS_SEARCH_USER_PATHS = NO;
				ASSETCATALOG_COMPILER_GENERATE_SWIFT_ASSET_SYMBOL_EXTENSIONS = YES;
				CLANG_ANALYZER_NONNULL = YES;
				CLANG_ANALYZER_NUMBER_OBJECT_CONVERSION = YES_AGGRESSIVE;
				CLANG_CXX_LANGUAGE_STANDARD = "gnu++20";
				CLANG_ENABLE_MODULES = YES;
				CLANG_ENABLE_OBJC_ARC = YES;
				CLANG_ENABLE_OBJC_WEAK = YES;
				CLANG_WARN_BLOCK_CAPTURE_AUTORELEASING = YES;
				CLANG_WARN_BOOL_CONVERSION = YES;
				CLANG_WARN_COMMA = YES;
				CLANG_WARN_CONSTANT_CONVERSION = YES;
				CLANG_WARN_DEPRECATED_OBJC_IMPLEMENTATIONS = YES;
				CLANG_WARN_DIRECT_OBJC_ISA_USAGE = YES_ERROR;
				CLANG_WARN_DOCUMENTATION_COMMENTS = YES;
				CLANG_WARN_EMPTY_BODY = YES;
				CLANG_WARN_ENUM_CONVERSION = YES;
				CLANG_WARN_INFINITE_RECURSION = YES;
				CLANG_WARN_INT_CONVERSION = YES;
				CLANG_WARN_NON_LITERAL_NULL_CONVERSION = YES;
				CLANG_WARN_OBJC_IMPLICIT_RETAIN_SELF = YES;
				CLANG_WARN_OBJC_LITERAL_CONVERSION = YES;
				CLANG_WARN_OBJC_ROOT_CLASS = YES_ERROR;
				CLANG_WARN_QUOTED_INCLUDE_IN_FRAMEWORK_HEADER = YES;
				CLANG_WARN_RANGE_LOOP_ANALYSIS = YES;
				CLANG_WARN_STRICT_PROTOTYPES = YES;
				CLANG_WARN_SUSPICIOUS_MOVE = YES;
				CLANG_WARN_UNGUARDED_AVAILABILITY = YES_AGGRESSIVE;
				CLANG_WARN_UNREACHABLE_CODE = YES;
				CLANG_WARN__DUPLICATE_METHOD_MATCH = YES;
				COPY_PHASE_STRIP = NO;
				DEBUG_INFORMATION_FORMAT = "dwarf-with-dsym";
				DEVELOPMENT_TEAM = 56466QQNRL;
				ENABLE_NS_ASSERTIONS = NO;
				ENABLE_STRICT_OBJC_MSGSEND = YES;
				ENABLE_USER_SCRIPT_SANDBOXING = YES;
				GCC_C_LANGUAGE_STANDARD = gnu17;
				GCC_NO_COMMON_BLOCKS = YES;
				GCC_WARN_64_TO_32_BIT_CONVERSION = YES;
				GCC_WARN_ABOUT_RETURN_TYPE = YES_ERROR;
				GCC_WARN_UNDECLARED_SELECTOR = YES;
				GCC_WARN_UNINITIALIZED_AUTOS = YES_AGGRESSIVE;
				GCC_WARN_UNUSED_FUNCTION = YES;
				GCC_WARN_UNUSED_VARIABLE = YES;
				LOCALIZATION_PREFERS_STRING_CATALOGS = YES;
				MTL_ENABLE_DEBUG_INFO = NO;
				MTL_FAST_MATH = YES;
				SWIFT_COMPILATION_MODE = wholemodule;
			};
			name = Release;
		};
		B3E36D393026A62B00F8B1D7 /* Debug */ = {
			isa = XCBuildConfiguration;
			buildSettings = {
				ASSETCATALOG_COMPILER_APPICON_NAME = AppIcon;
				ASSETCATALOG_COMPILER_GLOBAL_ACCENT_COLOR_NAME = AccentColor;
				CODE_SIGN_ENTITLEMENTS = audio_unit_exploration/audio_unit_exploration.entitlements;
				CODE_SIGN_STYLE = Automatic;
				CURRENT_PROJECT_VERSION = 1;
				DEVELOPMENT_TEAM = 56466QQNRL;
				ENABLE_APP_SANDBOX = YES;
				ENABLE_HARDENED_RUNTIME = YES;
				ENABLE_OUTGOING_NETWORK_CONNECTIONS = YES;
				ENABLE_PREVIEWS = YES;
				ENABLE_USER_SELECTED_FILES = readonly;
				GENERATE_INFOPLIST_FILE = YES;
				INFOPLIST_KEY_CFBundleDisplayName = audio_unit_exploration;
				"INFOPLIST_KEY_UIApplicationSceneManifest_Generation[sdk=iphoneos*]" = YES;
				"INFOPLIST_KEY_UIApplicationSceneManifest_Generation[sdk=iphonesimulator*]" = YES;
				"INFOPLIST_KEY_UIApplicationSupportsIndirectInputEvents[sdk=iphoneos*]" = YES;
				"INFOPLIST_KEY_UIApplicationSupportsIndirectInputEvents[sdk=iphonesimulator*]" = YES;
				"INFOPLIST_KEY_UILaunchScreen_Generation[sdk=iphoneos*]" = YES;
				"INFOPLIST_KEY_UILaunchScreen_Generation[sdk=iphonesimulator*]" = YES;
				"INFOPLIST_KEY_UIStatusBarStyle[sdk=iphoneos*]" = UIStatusBarStyleDefault;
				"INFOPLIST_KEY_UIStatusBarStyle[sdk=iphonesimulator*]" = UIStatusBarStyleDefault;
				INFOPLIST_KEY_UISupportedInterfaceOrientations_iPad = "UIInterfaceOrientationPortrait UIInterfaceOrientationPortraitUpsideDown UIInterfaceOrientationLandscapeLeft UIInterfaceOrientationLandscapeRight";
				INFOPLIST_KEY_UISupportedInterfaceOrientations_iPhone = "UIInterfaceOrientationPortrait UIInterfaceOrientationLandscapeLeft UIInterfaceOrientationLandscapeRight";
				IPHONEOS_DEPLOYMENT_TARGET = 26.2;
				LD_RUNPATH_SEARCH_PATHS = "@executable_path/Frameworks";
				"LD_RUNPATH_SEARCH_PATHS[sdk=macosx*]" = "@executable_path/../Frameworks";
				MACOSX_DEPLOYMENT_TARGET = 26.2;
				MARKETING_VERSION = 1.0;
				OTHER_LDFLAGS = (
					"-framework",
					AudioToolbox,
					"-framework",
					AVFoundation,
				);
				PRODUCT_BUNDLE_IDENTIFIER = "com.chroniccmposer.audio-unit-exploration";
				PRODUCT_NAME = "$(TARGET_NAME)";
				REGISTER_APP_GROUPS = YES;
				SDKROOT = auto;
				STRING_CATALOG_GENERATE_SYMBOLS = YES;
				SUPPORTED_PLATFORMS = "iphoneos iphonesimulator macosx xros xrsimulator";
				SWIFT_APPROACHABLE_CONCURRENCY = YES;
				SWIFT_DEFAULT_ACTOR_ISOLATION = MainActor;
				SWIFT_EMIT_LOC_STRINGS = YES;
				SWIFT_UPCOMING_FEATURE_MEMBER_IMPORT_VISIBILITY = YES;
				SWIFT_VERSION = 5.0;
				TARGETED_DEVICE_FAMILY = "1,2,7";
				XROS_DEPLOYMENT_TARGET = 26.2;
			};
			name = Debug;
		};
		B3E36D3A3026A62B00F8B1D7 /* Release */ = {
			isa = XCBuildConfiguration;
			buildSettings = {
				ASSETCATALOG_COMPILER_APPICON_NAME = AppIcon;
				ASSETCATALOG_COMPILER_GLOBAL_ACCENT_COLOR_NAME = AccentColor;
				CODE_SIGN_ENTITLEMENTS = audio_unit_exploration/audio_unit_exploration.entitlements;
				CODE_SIGN_STYLE = Automatic;
				CURRENT_PROJECT_VERSION = 1;
				DEVELOPMENT_TEAM = 56466QQNRL;
				ENABLE_APP_SANDBOX = YES;
				ENABLE_HARDENED_RUNTIME = YES;
				ENABLE_OUTGOING_NETWORK_CONNECTIONS = YES;
				ENABLE_PREVIEWS = YES;
				ENABLE_USER_SELECTED_FILES = readonly;
				GENERATE_INFOPLIST_FILE = YES;
				INFOPLIST_KEY_CFBundleDisplayName = audio_unit_exploration;
				"INFOPLIST_KEY_UIApplicationSceneManifest_Generation[sdk=iphoneos*]" = YES;
				"INFOPLIST_KEY_UIApplicationSceneManifest_Generation[sdk=iphonesimulator*]" = YES;
				"INFOPLIST_KEY_UIApplicationSupportsIndirectInputEvents[sdk=iphoneos*]" = YES;
				"INFOPLIST_KEY_UIApplicationSupportsIndirectInputEvents[sdk=iphonesimulator*]" = YES;
				"INFOPLIST_KEY_UILaunchScreen_Generation[sdk=iphoneos*]" = YES;
				"INFOPLIST_KEY_UILaunchScreen_Generation[sdk=iphonesimulator*]" = YES;
				"INFOPLIST_KEY_UIStatusBarStyle[sdk=iphoneos*]" = UIStatusBarStyleDefault;
				"INFOPLIST_KEY_UIStatusBarStyle[sdk=iphonesimulator*]" = UIStatusBarStyleDefault;
				INFOPLIST_KEY_UISupportedInterfaceOrientations_iPad = "UIInterfaceOrientationPortrait UIInterfaceOrientationPortraitUpsideDown UIInterfaceOrientationLandscapeLeft UIInterfaceOrientationLandscapeRight";
				INFOPLIST_KEY_UISupportedInterfaceOrientations_iPhone = "UIInterfaceOrientationPortrait UIInterfaceOrientationLandscapeLeft UIInterfaceOrientationLandscapeRight";
				IPHONEOS_DEPLOYMENT_TARGET = 26.2;
				LD_RUNPATH_SEARCH_PATHS = "@executable_path/Frameworks";
				"LD_RUNPATH_SEARCH_PATHS[sdk=macosx*]" = "@executable_path/../Frameworks";
				MACOSX_DEPLOYMENT_TARGET = 26.2;
				MARKETING_VERSION = 1.0;
				OTHER_LDFLAGS = (
					"-framework",
					AudioToolbox,
					"-framework",
					AVFoundation,
				);
				PRODUCT_BUNDLE_IDENTIFIER = "com.chroniccmposer.audio-unit-exploration";
				PRODUCT_NAME = "$(TARGET_NAME)";
				REGISTER_APP_GROUPS = YES;
				SDKROOT = auto;
				STRING_CATALOG_GENERATE_SYMBOLS = YES;
				SUPPORTED_PLATFORMS = "iphoneos iphonesimulator macosx xros xrsimulator";
				SWIFT_APPROACHABLE_CONCURRENCY = YES;
				SWIFT_DEFAULT_ACTOR_ISOLATION = MainActor;
				SWIFT_EMIT_LOC_STRINGS = YES;
				SWIFT_UPCOMING_FEATURE_MEMBER_IMPORT_VISIBILITY = YES;
				SWIFT_VERSION = 5.0;
				TARGETED_DEVICE_FAMILY = "1,2,7";
				XROS_DEPLOYMENT_TARGET = 26.2;
			};
			name = Release;
		};
		B3E36D3C3026A62B00F8B1D7 /* Debug */ = {
			isa = XCBuildConfiguration;
			buildSettings = {
				BUNDLE_LOADER = "$(TEST_HOST)";
				CODE_SIGN_STYLE = Automatic;
				CURRENT_PROJECT_VERSION = 1;
				DEVELOPMENT_TEAM = 56466QQNRL;
				GENERATE_INFOPLIST_FILE = YES;
				IPHONEOS_DEPLOYMENT_TARGET = 26.2;
				MACOSX_DEPLOYMENT_TARGET = 26.2;
				MARKETING_VERSION = 1.0;
				PRODUCT_BUNDLE_IDENTIFIER = "com.chroniccmposer.audio-unit-explorationTests";
				PRODUCT_NAME = "$(TARGET_NAME)";
				SDKROOT = auto;
				STRING_CATALOG_GENERATE_SYMBOLS = NO;
				SUPPORTED_PLATFORMS = "iphoneos iphonesimulator macosx xros xrsimulator";
				SWIFT_APPROACHABLE_CONCURRENCY = YES;
				SWIFT_EMIT_LOC_STRINGS = NO;
				SWIFT_UPCOMING_FEATURE_MEMBER_IMPORT_VISIBILITY = YES;
				SWIFT_VERSION = 5.0;
				TARGETED_DEVICE_FAMILY = "1,2,7";
				TEST_HOST = "$(BUILT_PRODUCTS_DIR)/audio-unit-exploration.app/$(BUNDLE_EXECUTABLE_FOLDER_PATH)/audio-unit-exploration";
				XROS_DEPLOYMENT_TARGET = 26.2;
			};
			name = Debug;
		};
		B3E36D3D3026A62B00F8B1D7 /* Release */ = {
			isa = XCBuildConfiguration;
			buildSettings = {
				BUNDLE_LOADER = "$(TEST_HOST)";
				CODE_SIGN_STYLE = Automatic;
				CURRENT_PROJECT_VERSION = 1;
				DEVELOPMENT_TEAM = 56466QQNRL;
				GENERATE_INFOPLIST_FILE = YES;
				IPHONEOS_DEPLOYMENT_TARGET = 26.2;
				MACOSX_DEPLOYMENT_TARGET = 26.2;
				MARKETING_VERSION = 1.0;
				PRODUCT_BUNDLE_IDENTIFIER = "com.chroniccmposer.audio-unit-explorationTests";
				PRODUCT_NAME = "$(TARGET_NAME)";
				SDKROOT = auto;
				STRING_CATALOG_GENERATE_SYMBOLS = NO;
				SUPPORTED_PLATFORMS = "iphoneos iphonesimulator macosx xros xrsimulator";
				SWIFT_APPROACHABLE_CONCURRENCY = YES;
				SWIFT_EMIT_LOC_STRINGS = NO;
				SWIFT_UPCOMING_FEATURE_MEMBER_IMPORT_VISIBILITY = YES;
				SWIFT_VERSION = 5.0;
				TARGETED_DEVICE_FAMILY = "1,2,7";
				TEST_HOST = "$(BUILT_PRODUCTS_DIR)/audio-unit-exploration.app/$(BUNDLE_EXECUTABLE_FOLDER_PATH)/audio-unit-exploration";
				XROS_DEPLOYMENT_TARGET = 26.2;
			};
			name = Release;
		};
		B3E36D3F3026A62B00F8B1D7 /* Debug */ = {
			isa = XCBuildConfiguration;
			buildSettings = {
				CODE_SIGN_STYLE = Automatic;
				CURRENT_PROJECT_VERSION = 1;
				DEVELOPMENT_TEAM = 56466QQNRL;
				GENERATE_INFOPLIST_FILE = YES;
				IPHONEOS_DEPLOYMENT_TARGET = 26.2;
				MACOSX_DEPLOYMENT_TARGET = 26.2;
				MARKETING_VERSION = 1.0;
				PRODUCT_BUNDLE_IDENTIFIER = "com.chroniccmposer.audio-unit-explorationUITests";
				PRODUCT_NAME = "$(TARGET_NAME)";
				SDKROOT = auto;
				STRING_CATALOG_GENERATE_SYMBOLS = NO;
				SUPPORTED_PLATFORMS = "iphoneos iphonesimulator macosx xros xrsimulator";
				SWIFT_APPROACHABLE_CONCURRENCY = YES;
				SWIFT_EMIT_LOC_STRINGS = NO;
				SWIFT_UPCOMING_FEATURE_MEMBER_IMPORT_VISIBILITY = YES;
				SWIFT_VERSION = 5.0;
				TARGETED_DEVICE_FAMILY = "1,2,7";
				TEST_TARGET_NAME = "audio-unit-exploration";
				XROS_DEPLOYMENT_TARGET = 26.2;
			};
			name = Debug;
		};
		B3E36D403026A62B00F8B1D7 /* Release */ = {
			isa = XCBuildConfiguration;
			buildSettings = {
				CODE_SIGN_STYLE = Automatic;
				CURRENT_PROJECT_VERSION = 1;
				DEVELOPMENT_TEAM = 56466QQNRL;
				GENERATE_INFOPLIST_FILE = YES;
				IPHONEOS_DEPLOYMENT_TARGET = 26.2;
				MACOSX_DEPLOYMENT_TARGET = 26.2;
				MARKETING_VERSION = 1.0;
				PRODUCT_BUNDLE_IDENTIFIER = "com.chroniccmposer.audio-unit-explorationUITests";
				PRODUCT_NAME = "$(TARGET_NAME)";
				SDKROOT = auto;
				STRING_CATALOG_GENERATE_SYMBOLS = NO;
				SUPPORTED_PLATFORMS = "iphoneos iphonesimulator macosx xros xrsimulator";
				SWIFT_APPROACHABLE_CONCURRENCY = YES;
				SWIFT_EMIT_LOC_STRINGS = NO;
				SWIFT_UPCOMING_FEATURE_MEMBER_IMPORT_VISIBILITY = YES;
				SWIFT_VERSION = 5.0;
				TARGETED_DEVICE_FAMILY = "1,2,7";
				TEST_TARGET_NAME = "audio-unit-exploration";
				XROS_DEPLOYMENT_TARGET = 26.2;
			};
			name = Release;
		};
/* End XCBuildConfiguration section */

/* Begin XCConfigurationList section */
		B3E36CC23026A62800F8B1D7 /* Build configuration list for PBXProject "audio-unit-exploration" */ = {
			isa = XCConfigurationList;
			buildConfigurations = (
				B3E36D353026A62B00F8B1D7 /* Debug */,
				B3E36D363026A62B00F8B1D7 /* Release */,
			);
			defaultConfigurationIsVisible = 0;
			defaultConfigurationName = Release;
		};
		B3E36D313026A62B00F8B1D7 /* Build configuration list for PBXNativeTarget "audio-unit-explorationExtension" */ = {
			isa = XCConfigurationList;
			buildConfigurations = (
				B3E36D323026A62B00F8B1D7 /* Debug */,
				B3E36D333026A62B00F8B1D7 /* Release */,
			);
			defaultConfigurationIsVisible = 0;
			defaultConfigurationName = Release;
		};
		B3E36D383026A62B00F8B1D7 /* Build configuration list for PBXNativeTarget "audio-unit-exploration" */ = {
			isa = XCConfigurationList;
			buildConfigurations = (
				B3E36D393026A62B00F8B1D7 /* Debug */,
				B3E36D3A3026A62B00F8B1D7 /* Release */,
			);
			defaultConfigurationIsVisible = 0;
			defaultConfigurationName = Release;
		};
		B3E36D3B3026A62B00F8B1D7 /* Build configuration list for PBXNativeTarget "audio-unit-explorationTests" */ = {
			isa = XCConfigurationList;
			buildConfigurations = (
				B3E36D3C3026A62B00F8B1D7 /* Debug */,
				B3E36D3D3026A62B00F8B1D7 /* Release */,
			);
			defaultConfigurationIsVisible = 0;
			defaultConfigurationName = Release;
		};
		B3E36D3E3026A62B00F8B1D7 /* Build configuration list for PBXNativeTarget "audio-unit-explorationUITests" */ = {
			isa = XCConfigurationList;
			buildConfigurations = (
				B3E36D3F3026A62B00F8B1D7 /* Debug */,
				B3E36D403026A62B00F8B1D7 /* Release */,
			);
			defaultConfigurationIsVisible = 0;
			defaultConfigurationName = Release;
		};
/* End XCConfigurationList section */
	};
	rootObject = B3E36CBF3026A62800F8B1D7 /* Project object */;
}
